// !$*UTF8*$!
{
	archiveVersion = 1;
	classes = {
	};
	objectVersion = 48;
	objects = {

/* Begin PBXBuildFile section */
		4867E1BCB9FE6C16B33A1E25 /* Pods_Deal1.framework in Frameworks */ = {isa = PBXBuildFile; fileRef = ED9FEF06A2B913E004525FFE /* Pods_Deal1.framework */; };
		7913002E2000A7D3000AE206 /* AppInfo.swift in Sources */ = {isa = PBXBuildFile; fileRef = 7913002D2000A7D3000AE206 /* AppInfo.swift */; };
		79138E0D1FF9FFF700E52EE7 /* ProfileViewController.swift in Sources */ = {isa = PBXBuildFile; fileRef = 79138E0C1FF9FFF700E52EE7 /* ProfileViewController.swift */; };
		791C6BC01FF0BD0100DF869B /* AppDelegate.swift in Sources */ = {isa = PBXBuildFile; fileRef = 791C6BBF1FF0BD0100DF869B /* AppDelegate.swift */; };
		791C6BC21FF0BD0100DF869B /* ViewController.swift in Sources */ = {isa = PBXBuildFile; fileRef = 791C6BC11FF0BD0100DF869B /* ViewController.swift */; };
		791C6BC71FF0BD0100DF869B /* Assets.xcassets in Resources */ = {isa = PBXBuildFile; fileRef = 791C6BC61FF0BD0100DF869B /* Assets.xcassets */; };
		791C6BCA1FF0BD0100DF869B /* LaunchScreen.storyboard in Resources */ = {isa = PBXBuildFile; fileRef = 791C6BC81FF0BD0100DF869B /* LaunchScreen.storyboard */; };
		791C6BD21FF0BD1D00DF869B /* STKit.framework in Frameworks */ = {isa = PBXBuildFile; fileRef = 791C6BD11FF0BD1D00DF869B /* STKit.framework */; };
		791C6BD31FF0BD1D00DF869B /* STKit.framework in Embed Frameworks */ = {isa = PBXBuildFile; fileRef = 791C6BD11FF0BD1D00DF869B /* STKit.framework */; settings = {ATTRIBUTES = (CodeSignOnCopy, RemoveHeadersOnCopy, ); }; };
		791C6BD91FF0BDE600DF869B /* Main.storyboard in Resources */ = {isa = PBXBuildFile; fileRef = 791C6BD71FF0BDE600DF869B /* Main.storyboard */; };
		791C6BDD1FF0BE1B00DF869B /* UserLoginService.swift in Sources */ = {isa = PBXBuildFile; fileRef = 791C6BDA1FF0BE1B00DF869B /* UserLoginService.swift */; };
		791C6BDE1FF0BE1B00DF869B /* UserInfo.swift in Sources */ = {isa = PBXBuildFile; fileRef = 791C6BDB1FF0BE1B00DF869B /* UserInfo.swift */; };
		791C6BDF1FF0BE1B00DF869B /* UserRegisterService.swift in Sources */ = {isa = PBXBuildFile; fileRef = 791C6BDC1FF0BE1B00DF869B /* UserRegisterService.swift */; };
		791C6BE11FF0C0CB00DF869B /* UserRegistrationController.swift in Sources */ = {isa = PBXBuildFile; fileRef = 791C6BE01FF0C0CB00DF869B /* UserRegistrationController.swift */; };
		791C6BE31FF0C1DD00DF869B /* UserLoginController.swift in Sources */ = {isa = PBXBuildFile; fileRef = 791C6BE21FF0C1DD00DF869B /* UserLoginController.swift */; };
		791C6BE51FF0C3EF00DF869B /* BaseService.swift in Sources */ = {isa = PBXBuildFile; fileRef = 791C6BE41FF0C3EF00DF869B /* BaseService.swift */; };
		79827BD71FF23EFE008A118F /* UserRegistrationServiceLocalImpl.swift in Sources */ = {isa = PBXBuildFile; fileRef = 79827BD61FF23EFE008A118F /* UserRegistrationServiceLocalImpl.swift */; };
		79827BD91FF24695008A118F /* UserRegistrationServiceWebImpl.swift in Sources */ = {isa = PBXBuildFile; fileRef = 79827BD81FF24695008A118F /* UserRegistrationServiceWebImpl.swift */; };
		79827BDB1FF246B8008A118F /* UserLoginServiceLocalImpl.swift in Sources */ = {isa = PBXBuildFile; fileRef = 79827BDA1FF246B8008A118F /* UserLoginServiceLocalImpl.swift */; };
		79827BDD1FF246D6008A118F /* UserLoginServiceWebImpl.swift in Sources */ = {isa = PBXBuildFile; fileRef = 79827BDC1FF246D6008A118F /* UserLoginServiceWebImpl.swift */; };
		799C87B31FF78F8300700B6D /* KeychainWrapper.swift in Sources */ = {isa = PBXBuildFile; fileRef = 799C87B11FF78F8300700B6D /* KeychainWrapper.swift */; };
		799C87B41FF78F8300700B6D /* KeychainItemAccessibility.swift in Sources */ = {isa = PBXBuildFile; fileRef = 799C87B21FF78F8300700B6D /* KeychainItemAccessibility.swift */; };
/* End PBXBuildFile section */

/* Begin PBXCopyFilesBuildPhase section */
		791C6BD41FF0BD1D00DF869B /* Embed Frameworks */ = {
			isa = PBXCopyFilesBuildPhase;
			buildActionMask = 2147483647;
			dstPath = "";
			dstSubfolderSpec = 10;
			files = (
				791C6BD31FF0BD1D00DF869B /* STKit.framework in Embed Frameworks */,
			);
			name = "Embed Frameworks";
			runOnlyForDeploymentPostprocessing = 0;
		};
/* End PBXCopyFilesBuildPhase section */

/* Begin PBXFileReference section */
		334D86D40C5A4B9CC5C83A88 /* Pods-Deal1.release.xcconfig */ = {isa = PBXFileReference; includeInIndex = 1; lastKnownFileType = text.xcconfig; name = "Pods-Deal1.release.xcconfig"; path = "Pods/Target Support Files/Pods-Deal1/Pods-Deal1.release.xcconfig"; sourceTree = "<group>"; };
		632152847308DAAFC0DF42B5 /* Pods-Deal1.debug.xcconfig */ = {isa = PBXFileReference; includeInIndex = 1; lastKnownFileType = text.xcconfig; name = "Pods-Deal1.debug.xcconfig"; path = "Pods/Target Support Files/Pods-Deal1/Pods-Deal1.debug.xcconfig"; sourceTree = "<group>"; };
		7913002D2000A7D3000AE206 /* AppInfo.swift */ = {isa = PBXFileReference; lastKnownFileType = sourcecode.swift; path = AppInfo.swift; sourceTree = "<group>"; };
		79138E0C1FF9FFF700E52EE7 /* ProfileViewController.swift */ = {isa = PBXFileReference; lastKnownFileType = sourcecode.swift; path = ProfileViewController.swift; sourceTree = "<group>"; };
		791C6BBC1FF0BD0100DF869B /* Deal1.app */ = {isa = PBXFileReference; explicitFileType = wrapper.application; includeInIndex = 0; path = Deal1.app; sourceTree = BUILT_PRODUCTS_DIR; };
		791C6BBF1FF0BD0100DF869B /* AppDelegate.swift */ = {isa = PBXFileReference; lastKnownFileType = sourcecode.swift; path = AppDelegate.swift; sourceTree = "<group>"; };
		791C6BC11FF0BD0100DF869B /* ViewController.swift */ = {isa = PBXFileReference; lastKnownFileType = sourcecode.swift; path = ViewController.swift; sourceTree = "<group>"; };
		791C6BC61FF0BD0100DF869B /* Assets.xcassets */ = {isa = PBXFileReference; lastKnownFileType = folder.assetcatalog; path = Assets.xcassets; sourceTree = "<group>"; };
		791C6BC91FF0BD0100DF869B /* Base */ = {isa = PBXFileReference; lastKnownFileType = file.storyboard; name = Base; path = Base.lproj/LaunchScreen.storyboard; sourceTree = "<group>"; };
		791C6BCB1FF0BD0100DF869B /* Info.plist */ = {isa = PBXFileReference; lastKnownFileType = text.plist.xml; path = Info.plist; sourceTree = "<group>"; };
		791C6BD11FF0BD1D00DF869B /* STKit.framework */ = {isa = PBXFileReference; lastKnownFileType = wrapper.framework; path = STKit.framework; sourceTree = "<group>"; };
		791C6BD81FF0BDE600DF869B /* Base */ = {isa = PBXFileReference; lastKnownFileType = file.storyboard; name = Base; path = Base.lproj/Main.storyboard; sourceTree = "<group>"; };
		791C6BDA1FF0BE1B00DF869B /* UserLoginService.swift */ = {isa = PBXFileReference; fileEncoding = 4; lastKnownFileType = sourcecode.swift; path = UserLoginService.swift; sourceTree = "<group>"; };
		791C6BDB1FF0BE1B00DF869B /* UserInfo.swift */ = {isa = PBXFileReference; fileEncoding = 4; lastKnownFileType = sourcecode.swift; path = UserInfo.swift; sourceTree = "<group>"; };
		791C6BDC1FF0BE1B00DF869B /* UserRegisterService.swift */ = {isa = PBXFileReference; fileEncoding = 4; lastKnownFileType = sourcecode.swift; path = UserRegisterService.swift; sourceTree = "<group>"; };
		791C6BE01FF0C0CB00DF869B /* UserRegistrationController.swift */ = {isa = PBXFileReference; lastKnownFileType = sourcecode.swift; path = UserRegistrationController.swift; sourceTree = "<group>"; };
		791C6BE21FF0C1DD00DF869B /* UserLoginController.swift */ = {isa = PBXFileReference; lastKnownFileType = sourcecode.swift; path = UserLoginController.swift; sourceTree = "<group>"; };
		791C6BE41FF0C3EF00DF869B /* BaseService.swift */ = {isa = PBXFileReference; lastKnownFileType = sourcecode.swift; path = BaseService.swift; sourceTree = "<group>"; };
		79827BD61FF23EFE008A118F /* UserRegistrationServiceLocalImpl.swift */ = {isa = PBXFileReference; lastKnownFileType = sourcecode.swift; path = UserRegistrationServiceLocalImpl.swift; sourceTree = "<group>"; };
		79827BD81FF24695008A118F /* UserRegistrationServiceWebImpl.swift */ = {isa = PBXFileReference; lastKnownFileType = sourcecode.swift; path = UserRegistrationServiceWebImpl.swift; sourceTree = "<group>"; };
		79827BDA1FF246B8008A118F /* UserLoginServiceLocalImpl.swift */ = {isa = PBXFileReference; lastKnownFileType = sourcecode.swift; path = UserLoginServiceLocalImpl.swift; sourceTree = "<group>"; };
		79827BDC1FF246D6008A118F /* UserLoginServiceWebImpl.swift */ = {isa = PBXFileReference; lastKnownFileType = sourcecode.swift; path = UserLoginServiceWebImpl.swift; sourceTree = "<group>"; };
		799C87B11FF78F8300700B6D /* KeychainWrapper.swift */ = {isa = PBXFileReference; fileEncoding = 4; lastKnownFileType = sourcecode.swift; path = KeychainWrapper.swift; sourceTree = "<group>"; };
		799C87B21FF78F8300700B6D /* KeychainItemAccessibility.swift */ = {isa = PBXFileReference; fileEncoding = 4; lastKnownFileType = sourcecode.swift; path = KeychainItemAccessibility.swift; sourceTree = "<group>"; };
		ED9FEF06A2B913E004525FFE /* Pods_Deal1.framework */ = {isa = PBXFileReference; explicitFileType = wrapper.framework; includeInIndex = 0; path = Pods_Deal1.framework; sourceTree = BUILT_PRODUCTS_DIR; };
/* End PBXFileReference section */

/* Begin PBXFrameworksBuildPhase section */
		791C6BB91FF0BD0100DF869B /* Frameworks */ = {
			isa = PBXFrameworksBuildPhase;
			buildActionMask = 2147483647;
			files = (
				791C6BD21FF0BD1D00DF869B /* STKit.framework in Frameworks */,
				4867E1BCB9FE6C16B33A1E25 /* Pods_Deal1.framework in Frameworks */,
			);
			runOnlyForDeploymentPostprocessing = 0;
		};
/* End PBXFrameworksBuildPhase section */

/* Begin PBXGroup section */
		44DCCA97CC67D5C6423E43E0 /* Frameworks */ = {
			isa = PBXGroup;
			children = (
				ED9FEF06A2B913E004525FFE /* Pods_Deal1.framework */,
			);
			name = Frameworks;
			sourceTree = "<group>";
		};
		664B11B9BAC9265F851FDC50 /* Pods */ = {
			isa = PBXGroup;
			children = (
				632152847308DAAFC0DF42B5 /* Pods-Deal1.debug.xcconfig */,
				334D86D40C5A4B9CC5C83A88 /* Pods-Deal1.release.xcconfig */,
			);
			name = Pods;
			sourceTree = "<group>";
		};
		791C6BB31FF0BD0100DF869B = {
			isa = PBXGroup;
			children = (
				791C6BD11FF0BD1D00DF869B /* STKit.framework */,
				791C6BBE1FF0BD0100DF869B /* Deal1 */,
				791C6BBD1FF0BD0100DF869B /* Products */,
				664B11B9BAC9265F851FDC50 /* Pods */,
				44DCCA97CC67D5C6423E43E0 /* Frameworks */,
			);
			sourceTree = "<group>";
		};
		791C6BBD1FF0BD0100DF869B /* Products */ = {
			isa = PBXGroup;
			children = (
				791C6BBC1FF0BD0100DF869B /* Deal1.app */,
			);
			name = Products;
			sourceTree = "<group>";
		};
		791C6BBE1FF0BD0100DF869B /* Deal1 */ = {
			isa = PBXGroup;
			children = (
				799C87AD1FF78B9800700B6D /* Controller */,
				799C87AE1FF78BDB00700B6D /* Service */,
				799C87B01FF78C1500700B6D /* LocalImpl */,
				799C87AF1FF78C0100700B6D /* WebImpl */,
				791C6BBF1FF0BD0100DF869B /* AppDelegate.swift */,
				7913002D2000A7D3000AE206 /* AppInfo.swift */,
				791C6BDB1FF0BE1B00DF869B /* UserInfo.swift */,
				799C87B21FF78F8300700B6D /* KeychainItemAccessibility.swift */,
				799C87B11FF78F8300700B6D /* KeychainWrapper.swift */,
				791C6BD71FF0BDE600DF869B /* Main.storyboard */,
				791C6BC61FF0BD0100DF869B /* Assets.xcassets */,
				791C6BC81FF0BD0100DF869B /* LaunchScreen.storyboard */,
				791C6BCB1FF0BD0100DF869B /* Info.plist */,
			);
			path = Deal1;
			sourceTree = "<group>";
		};
		799C87AD1FF78B9800700B6D /* Controller */ = {
			isa = PBXGroup;
			children = (
				791C6BC11FF0BD0100DF869B /* ViewController.swift */,
				791C6BE21FF0C1DD00DF869B /* UserLoginController.swift */,
				791C6BE01FF0C0CB00DF869B /* UserRegistrationController.swift */,
				79138E0C1FF9FFF700E52EE7 /* ProfileViewController.swift */,
			);
			path = Controller;
			sourceTree = "<group>";
		};
		799C87AE1FF78BDB00700B6D /* Service */ = {
			isa = PBXGroup;
			children = (
				791C6BE41FF0C3EF00DF869B /* BaseService.swift */,
				791C6BDA1FF0BE1B00DF869B /* UserLoginService.swift */,
				791C6BDC1FF0BE1B00DF869B /* UserRegisterService.swift */,
			);
			path = Service;
			sourceTree = "<group>";
		};
		799C87AF1FF78C0100700B6D /* WebImpl */ = {
			isa = PBXGroup;
			children = (
				79827BDC1FF246D6008A118F /* UserLoginServiceWebImpl.swift */,
				79827BD81FF24695008A118F /* UserRegistrationServiceWebImpl.swift */,
			);
			path = WebImpl;
			sourceTree = "<group>";
		};
		799C87B01FF78C1500700B6D /* LocalImpl */ = {
			isa = PBXGroup;
			children = (
				79827BDA1FF246B8008A118F /* UserLoginServiceLocalImpl.swift */,
				79827BD61FF23EFE008A118F /* UserRegistrationServiceLocalImpl.swift */,
			);
			path = LocalImpl;
			sourceTree = "<group>";
		};
/* End PBXGroup section */

/* Begin PBXNativeTarget section */
		791C6BBB1FF0BD0100DF869B /* Deal1 */ = {
			isa = PBXNativeTarget;
			buildConfigurationList = 791C6BCE1FF0BD0100DF869B /* Build configuration list for PBXNativeTarget "Deal1" */;
			buildPhases = (
				1833713932BED0C926CF9C2F /* [CP] Check Pods Manifest.lock */,
				791C6BB81FF0BD0100DF869B /* Sources */,
				791C6BB91FF0BD0100DF869B /* Frameworks */,
				791C6BBA1FF0BD0100DF869B /* Resources */,
				791C6BD41FF0BD1D00DF869B /* Embed Frameworks */,
				F7918F9B816D3E22FA98D6A9 /* [CP] Embed Pods Frameworks */,
				08372DC94DC81E8E93D446D5 /* [CP] Copy Pods Resources */,
			);
			buildRules = (
			);
			dependencies = (
			);
			name = Deal1;
			productName = Deal1;
			productReference = 791C6BBC1FF0BD0100DF869B /* Deal1.app */;
			productType = "com.apple.product-type.application";
		};
/* End PBXNativeTarget section */

/* Begin PBXProject section */
		791C6BB41FF0BD0100DF869B /* Project object */ = {
			isa = PBXProject;
			attributes = {
				LastSwiftUpdateCheck = 0920;
				LastUpgradeCheck = 0920;
				ORGANIZATIONNAME = "vinay shinde";
				TargetAttributes = {
					791C6BBB1FF0BD0100DF869B = {
						CreatedOnToolsVersion = 9.2;
						ProvisioningStyle = Automatic;
					};
				};
			};
			buildConfigurationList = 791C6BB71FF0BD0100DF869B /* Build configuration list for PBXProject "Deal1" */;
			compatibilityVersion = "Xcode 8.0";
			developmentRegion = en;
			hasScannedForEncodings = 0;
			knownRegions = (
				en,
				Base,
			);
			mainGroup = 791C6BB31FF0BD0100DF869B;
			productRefGroup = 791C6BBD1FF0BD0100DF869B /* Products */;
			projectDirPath = "";
			projectRoot = "";
			targets = (
				791C6BBB1FF0BD0100DF869B /* Deal1 */,
			);
		};
/* End PBXProject section */

/* Begin PBXResourcesBuildPhase section */
		791C6BBA1FF0BD0100DF869B /* Resources */ = {
			isa = PBXResourcesBuildPhase;
			buildActionMask = 2147483647;
			files = (
				791C6BD91FF0BDE600DF869B /* Main.storyboard in Resources */,
				791C6BCA1FF0BD0100DF869B /* LaunchScreen.storyboard in Resources */,
				791C6BC71FF0BD0100DF869B /* Assets.xcassets in Resources */,
			);
			runOnlyForDeploymentPostprocessing = 0;
		};
/* End PBXResourcesBuildPhase section */

/* Begin PBXShellScriptBuildPhase section */
		08372DC94DC81E8E93D446D5 /* [CP] Copy Pods Resources */ = {
			isa = PBXShellScriptBuildPhase;
			buildActionMask = 2147483647;
			files = (
			);
			inputPaths = (
			);
			name = "[CP] Copy Pods Resources";
			outputPaths = (
			);
			runOnlyForDeploymentPostprocessing = 0;
			shellPath = /bin/sh;
			shellScript = "\"${SRCROOT}/Pods/Target Support Files/Pods-Deal1/Pods-Deal1-resources.sh\"\n";
			showEnvVarsInLog = 0;
		};
		1833713932BED0C926CF9C2F /* [CP] Check Pods Manifest.lock */ = {
			isa = PBXShellScriptBuildPhase;
			buildActionMask = 2147483647;
			files = (
			);
			inputPaths = (
				"${PODS_PODFILE_DIR_PATH}/Podfile.lock",
				"${PODS_ROOT}/Manifest.lock",
			);
			name = "[CP] Check Pods Manifest.lock";
			outputPaths = (
				"$(DERIVED_FILE_DIR)/Pods-Deal1-checkManifestLockResult.txt",
			);
			runOnlyForDeploymentPostprocessing = 0;
			shellPath = /bin/sh;
			shellScript = "diff \"${PODS_PODFILE_DIR_PATH}/Podfile.lock\" \"${PODS_ROOT}/Manifest.lock\" > /dev/null\nif [ $? != 0 ] ; then\n    # print error to STDERR\n    echo \"error: The sandbox is not in sync with the Podfile.lock. Run 'pod install' or update your CocoaPods installation.\" >&2\n    exit 1\nfi\n# This output is used by Xcode 'outputs' to avoid re-running this script phase.\necho \"SUCCESS\" > \"${SCRIPT_OUTPUT_FILE_0}\"\n";
			showEnvVarsInLog = 0;
		};
		F7918F9B816D3E22FA98D6A9 /* [CP] Embed Pods Frameworks */ = {
			isa = PBXShellScriptBuildPhase;
			buildActionMask = 2147483647;
			files = (
			);
			inputPaths = (
				"${SRCROOT}/Pods/Target Support Files/Pods-Deal1/Pods-Deal1-frameworks.sh",
				"${BUILT_PRODUCTS_DIR}/Alamofire/Alamofire.framework",
			);
			name = "[CP] Embed Pods Frameworks";
			outputPaths = (
				"${TARGET_BUILD_DIR}/${FRAMEWORKS_FOLDER_PATH}/Alamofire.framework",
			);
			runOnlyForDeploymentPostprocessing = 0;
			shellPath = /bin/sh;
			shellScript = "\"${SRCROOT}/Pods/Target Support Files/Pods-Deal1/Pods-Deal1-frameworks.sh\"\n";
			showEnvVarsInLog = 0;
		};
/* End PBXShellScriptBuildPhase section */

/* Begin PBXSourcesBuildPhase section */
		791C6BB81FF0BD0100DF869B /* Sources */ = {
			isa = PBXSourcesBuildPhase;
			buildActionMask = 2147483647;
			files = (
				791C6BE51FF0C3EF00DF869B /* BaseService.swift in Sources */,
				791C6BDE1FF0BE1B00DF869B /* UserInfo.swift in Sources */,
				79827BD91FF24695008A118F /* UserRegistrationServiceWebImpl.swift in Sources */,
				791C6BC21FF0BD0100DF869B /* ViewController.swift in Sources */,
				79827BD71FF23EFE008A118F /* UserRegistrationServiceLocalImpl.swift in Sources */,
				7913002E2000A7D3000AE206 /* AppInfo.swift in Sources */,
				799C87B41FF78F8300700B6D /* KeychainItemAccessibility.swift in Sources */,
				791C6BDF1FF0BE1B00DF869B /* UserRegisterService.swift in Sources */,
				79827BDB1FF246B8008A118F /* UserLoginServiceLocalImpl.swift in Sources */,
				791C6BDD1FF0BE1B00DF869B /* UserLoginService.swift in Sources */,
				791C6BE11FF0C0CB00DF869B /* UserRegistrationController.swift in Sources */,
				79827BDD1FF246D6008A118F /* UserLoginServiceWebImpl.swift in Sources */,
				791C6BC01FF0BD0100DF869B /* AppDelegate.swift in Sources */,
				79138E0D1FF9FFF700E52EE7 /* ProfileViewController.swift in Sources */,
				799C87B31FF78F8300700B6D /* KeychainWrapper.swift in Sources */,
				791C6BE31FF0C1DD00DF869B /* UserLoginController.swift in Sources */,
			);
			runOnlyForDeploymentPostprocessing = 0;
		};
/* End PBXSourcesBuildPhase section */

/* Begin PBXVariantGroup section */
		791C6BC81FF0BD0100DF869B /* LaunchScreen.storyboard */ = {
			isa = PBXVariantGroup;
			children = (
				791C6BC91FF0BD0100DF869B /* Base */,
			);
			name = LaunchScreen.storyboard;
			sourceTree = "<group>";
		};
		791C6BD71FF0BDE600DF869B /* Main.storyboard */ = {
			isa = PBXVariantGroup;
			children = (
				791C6BD81FF0BDE600DF869B /* Base */,
			);
			name = Main.storyboard;
			sourceTree = "<group>";
		};
/* End PBXVariantGroup section */

/* Begin XCBuildConfiguration section */
		791C6BCC1FF0BD0100DF869B /* Debug */ = {
			isa = XCBuildConfiguration;
			buildSettings = {
				ALWAYS_SEARCH_USER_PATHS = NO;
				CLANG_ANALYZER_NONNULL = YES;
				CLANG_ANALYZER_NUMBER_OBJECT_CONVERSION = YES_AGGRESSIVE;
				CLANG_CXX_LANGUAGE_STANDARD = "gnu++14";
				CLANG_CXX_LIBRARY = "libc++";
				CLANG_ENABLE_MODULES = YES;
				CLANG_ENABLE_OBJC_ARC = YES;
				CLANG_WARN_BLOCK_CAPTURE_AUTORELEASING = YES;
				CLANG_WARN_BOOL_CONVERSION = YES;
				CLANG_WARN_COMMA = YES;
				CLANG_WARN_CONSTANT_CONVERSION = YES;
				CLANG_WARN_DIRECT_OBJC_ISA_USAGE = YES_ERROR;
				CLANG_WARN_DOCUMENTATION_COMMENTS = YES;
				CLANG_WARN_EMPTY_BODY = YES;
				CLANG_WARN_ENUM_CONVERSION = YES;
				CLANG_WARN_INFINITE_RECURSION = YES;
				CLANG_WARN_INT_CONVERSION = YES;
				CLANG_WARN_NON_LITERAL_NULL_CONVERSION = YES;
				CLANG_WARN_OBJC_LITERAL_CONVERSION = YES;
				CLANG_WARN_OBJC_ROOT_CLASS = YES_ERROR;
				CLANG_WARN_RANGE_LOOP_ANALYSIS = YES;
				CLANG_WARN_STRICT_PROTOTYPES = YES;
				CLANG_WARN_SUSPICIOUS_MOVE = YES;
				CLANG_WARN_UNGUARDED_AVAILABILITY = YES_AGGRESSIVE;
				CLANG_WARN_UNREACHABLE_CODE = YES;
				CLANG_WARN__DUPLICATE_METHOD_MATCH = YES;
				CODE_SIGN_IDENTITY = "iPhone Developer";
				COPY_PHASE_STRIP = NO;
				DEBUG_INFORMATION_FORMAT = dwarf;
				ENABLE_STRICT_OBJC_MSGSEND = YES;
				ENABLE_TESTABILITY = YES;
				GCC_C_LANGUAGE_STANDARD = gnu11;
				GCC_DYNAMIC_NO_PIC = NO;
				GCC_NO_COMMON_BLOCKS = YES;
				GCC_OPTIMIZATION_LEVEL = 0;
				GCC_PREPROCESSOR_DEFINITIONS = (
					"DEBUG=1",
					"$(inherited)",
				);
				GCC_WARN_64_TO_32_BIT_CONVERSION = YES;
				GCC_WARN_ABOUT_RETURN_TYPE = YES_ERROR;
				GCC_WARN_UNDECLARED_SELECTOR = YES;
				GCC_WARN_UNINITIALIZED_AUTOS = YES_AGGRESSIVE;
				GCC_WARN_UNUSED_FUNCTION = YES;
				GCC_WARN_UNUSED_VARIABLE = YES;
				IPHONEOS_DEPLOYMENT_TARGET = 11.2;
				MTL_ENABLE_DEBUG_INFO = YES;
				ONLY_ACTIVE_ARCH = YES;
				SDKROOT = iphoneos;
				SWIFT_ACTIVE_COMPILATION_CONDITIONS = DEBUG;
				SWIFT_OPTIMIZATION_LEVEL = "-Onone";
			};
			name = Debug;
		};
		791C6BCD1FF0BD0100DF869B /* Release */ = {
			isa = XCBuildConfiguration;
			buildSettings = {
				ALWAYS_SEARCH_USER_PATHS = NO;
				CLANG_ANALYZER_NONNULL = YES;
				CLANG_ANALYZER_NUMBER_OBJECT_CONVERSION = YES_AGGRESSIVE;
				CLANG_CXX_LANGUAGE_STANDARD = "gnu++14";
				CLANG_CXX_LIBRARY = "libc++";
				CLANG_ENABLE_MODULES = YES;
				CLANG_ENABLE_OBJC_ARC = YES;
				CLANG_WARN_BLOCK_CAPTURE_AUTORELEASING = YES;
				CLANG_WARN_BOOL_CONVERSION = YES;
				CLANG_WARN_COMMA = YES;
				CLANG_WARN_CONSTANT_CONVERSION = YES;
				CLANG_WARN_DIRECT_OBJC_ISA_USAGE = YES_ERROR;
				CLANG_WARN_DOCUMENTATION_COMMENTS = YES;
				CLANG_WARN_EMPTY_BODY = YES;
				CLANG_WARN_ENUM_CONVERSION = YES;
				CLANG_WARN_INFINITE_RECURSION = YES;
				CLANG_WARN_INT_CONVERSION = YES;
				CLANG_WARN_NON_LITERAL_NULL_CONVERSION = YES;
				CLANG_WARN_OBJC_LITERAL_CONVERSION = YES;
				CLANG_WARN_OBJC_ROOT_CLASS = YES_ERROR;
				CLANG_WARN_RANGE_LOOP_ANALYSIS = YES;
				CLANG_WARN_STRICT_PROTOTYPES = YES;
				CLANG_WARN_SUSPICIOUS_MOVE = YES;
				CLANG_WARN_UNGUARDED_AVAILABILITY = YES_AGGRESSIVE;
				CLANG_WARN_UNREACHABLE_CODE = YES;
				CLANG_WARN__DUPLICATE_METHOD_MATCH = YES;
				CODE_SIGN_IDENTITY = "iPhone Developer";
				COPY_PHASE_STRIP = NO;
				DEBUG_INFORMATION_FORMAT = "dwarf-with-dsym";
				ENABLE_NS_ASSERTIONS = NO;
				ENABLE_STRICT_OBJC_MSGSEND = YES;
				GCC_C_LANGUAGE_STANDARD = gnu11;
				GCC_NO_COMMON_BLOCKS = YES;
				GCC_WARN_64_TO_32_BIT_CONVERSION = YES;
				GCC_WARN_ABOUT_RETURN_TYPE = YES_ERROR;
				GCC_WARN_UNDECLARED_SELECTOR = YES;
				GCC_WARN_UNINITIALIZED_AUTOS = YES_AGGRESSIVE;
				GCC_WARN_UNUSED_FUNCTION = YES;
				GCC_WARN_UNUSED_VARIABLE = YES;
				IPHONEOS_DEPLOYMENT_TARGET = 11.2;
				MTL_ENABLE_DEBUG_INFO = NO;
				SDKROOT = iphoneos;
				SWIFT_OPTIMIZATION_LEVEL = "-Owholemodule";
				VALIDATE_PRODUCT = YES;
			};
			name = Release;
		};
		791C6BCF1FF0BD0100DF869B /* Debug */ = {
			isa = XCBuildConfiguration;
			baseConfigurationReference = 632152847308DAAFC0DF42B5 /* Pods-Deal1.debug.xcconfig */;
			buildSettings = {
				ASSETCATALOG_COMPILER_APPICON_NAME = AppIcon;
				CODE_SIGN_STYLE = Automatic;
				FRAMEWORK_SEARCH_PATHS = (
					"$(inherited)",
					"$(PROJECT_DIR)",
				);
				INFOPLIST_FILE = Deal1/Info.plist;
				LD_RUNPATH_SEARCH_PATHS = "$(inherited) @executable_path/Frameworks";
				PRODUCT_BUNDLE_IDENTIFIER = com.Scuti.Deal1;
				PRODUCT_NAME = "$(TARGET_NAME)";
				SWIFT_VERSION = 4.0;
				TARGETED_DEVICE_FAMILY = "1,2";
			};
			name = Debug;
		};
		791C6BD01FF0BD0100DF869B /* Release */ = {
			isa = XCBuildConfiguration;
			baseConfigurationReference = 334D86D40C5A4B9CC5C83A88 /* Pods-Deal1.release.xcconfig */;
			buildSettings = {
				ASSETCATALOG_COMPILER_APPICON_NAME = AppIcon;
				CODE_SIGN_STYLE = Automatic;
				FRAMEWORK_SEARCH_PATHS = (
					"$(inherited)",
					"$(PROJECT_DIR)",
				);
				INFOPLIST_FILE = Deal1/Info.plist;
				LD_RUNPATH_SEARCH_PATHS = "$(inherited) @executable_path/Frameworks";
				PRODUCT_BUNDLE_IDENTIFIER = com.Scuti.Deal1;
				PRODUCT_NAME = "$(TARGET_NAME)";
				SWIFT_VERSION = 4.0;
				TARGETED_DEVICE_FAMILY = "1,2";
			};
			name = Release;
		};
/* End XCBuildConfiguration section */

/* Begin XCConfigurationList section */
		791C6BB71FF0BD0100DF869B /* Build configuration list for PBXProject "Deal1" */ = {
			isa = XCConfigurationList;
			buildConfigurations = (
				791C6BCC1FF0BD0100DF869B /* Debug */,
				791C6BCD1FF0BD0100DF869B /* Release */,
			);
			defaultConfigurationIsVisible = 0;
			defaultConfigurationName = Release;
		};
		791C6BCE1FF0BD0100DF869B /* Build configuration list for PBXNativeTarget "Deal1" */ = {
			isa = XCConfigurationList;
			buildConfigurations = (
				791C6BCF1FF0BD0100DF869B /* Debug */,
				791C6BD01FF0BD0100DF869B /* Release */,
			);
			defaultConfigurationIsVisible = 0;
			defaultConfigurationName = Release;
		};
/* End XCConfigurationList section */
	};
	rootObject = 791C6BB41FF0BD0100DF869B /* Project object */;
}
